#MicroXplorer Configuration settings - do not modify
CAD.formats=
CAD.pinconfig=
CAD.provider=
Dma.Request0=SPI2_TX
Dma.RequestsNb=1
Dma.SPI2_TX.0.Direction=DMA_MEMORY_TO_PERIPH
Dma.SPI2_TX.0.EventEnable=DISABLE
Dma.SPI2_TX.0.Instance=DMA1_Channel1
Dma.SPI2_TX.0.MemDataAlignment=DMA_MDATAALIGN_HALFWORD
Dma.SPI2_TX.0.MemInc=DMA_MINC_ENABLE
Dma.SPI2_TX.0.Mode=DMA_NORMAL
Dma.SPI2_TX.0.PeriphDataAlignment=DMA_PDATAALIGN_HALFWORD
Dma.SPI2_TX.0.PeriphInc=DMA_PINC_DISABLE
Dma.SPI2_TX.0.Polarity=HAL_DMAMUX_REQ_GEN_RISING
Dma.SPI2_TX.0.Priority=DMA_PRIORITY_VERY_HIGH
Dma.SPI2_TX.0.RequestNumber=1
Dma.SPI2_TX.0.RequestParameters=Instance,Direction,PeriphInc,MemInc,PeriphDataAlignment,MemDataAlignment,Mode,Priority,SignalID,Polarity,RequestNumber,SyncSignalID,SyncPolarity,SyncEnable,EventEnable,SyncRequestNumber
Dma.SPI2_TX.0.SignalID=NONE
Dma.SPI2_TX.0.SyncEnable=DISABLE
Dma.SPI2_TX.0.SyncPolarity=HAL_DMAMUX_SYNC_NO_EVENT
Dma.SPI2_TX.0.SyncRequestNumber=1
Dma.SPI2_TX.0.SyncSignalID=NONE
File.Version=6
GPIO.groupedBy=Group By Peripherals
I2C1.Analog_Filter=I2C_ANALOGFILTER_ENABLE
I2C1.CustomTiming=Disabled
I2C1.I2C_Speed_Mode=I2C_Fast_Plus
I2C1.IPParameters=Timing,I2C_Speed_Mode,CustomTiming,Analog_Filter
I2C1.Timing=0x10C31226
I2C2.CustomTiming=Disabled
I2C2.I2C_Fall_Time=80
I2C2.I2C_Rise_Time=80
I2C2.I2C_Speed_Mode=I2C_Standard
I2C2.IPParameters=Timing,CustomTiming,I2C_Speed_Mode,I2C_Rise_Time,Speed,I2C_Fall_Time
I2C2.Speed=100
I2C2.Timing=0x30E1A9F7
I2S2.AudioFreq=I2S_AUDIOFREQ_48K
I2S2.DataFormat=I2S_DATAFORMAT_16B
I2S2.ErrorAudioFreq=-0.01 %
I2S2.FullDuplexMode=I2S_FULLDUPLEXMODE_DISABLE
I2S2.IPParameters=Instance,VirtualMode,FullDuplexMode,RealAudioFreq,ErrorAudioFreq,AudioFreq,DataFormat
I2S2.Instance=SPI$Index
I2S2.RealAudioFreq=47.991 KHz
I2S2.VirtualMode=I2S_MODE_MASTER
KeepUserPlacement=false
Mcu.CPN=STM32G431CBU6
Mcu.Family=STM32G4
Mcu.IP0=DMA
Mcu.IP1=I2C1
Mcu.IP10=USB
Mcu.IP11=USB_DEVICE
Mcu.IP2=I2C2
Mcu.IP3=I2S2
Mcu.IP4=NVIC
Mcu.IP5=RCC
Mcu.IP6=SYS
Mcu.IP7=TIM2
Mcu.IP8=TIM6
Mcu.IP9=TIM7
Mcu.IPNb=12
Mcu.Name=STM32G431C(6-8-B)Ux
Mcu.Package=UFQFPN48
Mcu.Pin0=PF0-OSC_IN
Mcu.Pin1=PF1-OSC_OUT
Mcu.Pin10=PA8
Mcu.Pin11=PA9
Mcu.Pin12=PA10
Mcu.Pin13=PA11
Mcu.Pin14=PA12
Mcu.Pin15=PA13
Mcu.Pin16=PA14
Mcu.Pin17=PA15
Mcu.Pin18=PB9
Mcu.Pin19=VP_SYS_VS_Systick
Mcu.Pin2=PA0
Mcu.Pin20=VP_SYS_VS_DBSignals
Mcu.Pin21=VP_TIM2_VS_ClockSourceINT
Mcu.Pin22=VP_TIM6_VS_ClockSourceINT
Mcu.Pin23=VP_TIM7_VS_ClockSourceINT
Mcu.Pin24=VP_USB_DEVICE_VS_USB_DEVICE_AUDIO_FS
Mcu.Pin3=PA2
Mcu.Pin4=PA3
Mcu.Pin5=PA5
Mcu.Pin6=PB12
Mcu.Pin7=PB13
Mcu.Pin8=PB15
Mcu.Pin9=PC6
Mcu.PinsNb=25
Mcu.ThirdParty0=STMicroelectronics.X-CUBE-ALGOBUILD.1.4.0
Mcu.ThirdPartyNb=1
Mcu.UserConstants=
Mcu.UserName=STM32G431CBUx
MxCube.Version=6.12.0
MxDb.Version=DB.6.0.120
NVIC.BusFault_IRQn=true\:0\:0\:false\:false\:true\:false\:false\:false
NVIC.DMA1_Channel1_IRQn=true\:0\:0\:true\:false\:true\:false\:true\:true
NVIC.DebugMonitor_IRQn=true\:0\:0\:false\:false\:true\:false\:false\:false
NVIC.EXTI0_IRQn=true\:0\:0\:false\:false\:true\:true\:true\:true
NVIC.ForceEnableDMAVector=true
NVIC.HardFault_IRQn=true\:0\:0\:false\:false\:true\:false\:false\:false
NVIC.MemoryManagement_IRQn=true\:0\:0\:false\:false\:true\:false\:false\:false
NVIC.NonMaskableInt_IRQn=true\:0\:0\:false\:false\:true\:false\:false\:false
NVIC.PendSV_IRQn=true\:0\:0\:false\:false\:true\:false\:false\:false
NVIC.PriorityGroup=NVIC_PRIORITYGROUP_4
NVIC.SPI2_IRQn=true\:0\:0\:true\:false\:true\:true\:true\:true
NVIC.SVCall_IRQn=true\:0\:0\:false\:false\:true\:false\:false\:false
NVIC.SysTick_IRQn=true\:15\:0\:false\:false\:true\:false\:true\:false
NVIC.TIM6_DAC_IRQn=true\:0\:0\:false\:false\:true\:true\:true\:true
NVIC.TIM7_IRQn=true\:0\:0\:false\:false\:true\:true\:true\:true
NVIC.USB_LP_IRQn=true\:0\:0\:true\:false\:true\:false\:true\:true
NVIC.UsageFault_IRQn=true\:0\:0\:false\:false\:true\:false\:false\:false
PA0.GPIOParameters=GPIO_ModeDefaultEXTI
PA0.GPIO_ModeDefaultEXTI=GPIO_MODE_IT_FALLING
PA0.Locked=true
PA0.Signal=GPXTI0
PA10.Locked=true
PA10.Signal=GPIO_Output
PA11.Mode=Device
PA11.Signal=USB_DM
PA12.Mode=Device
PA12.Signal=USB_DP
PA13.Mode=Serial_Wire
PA13.Signal=SYS_JTMS-SWDIO
PA14.Mode=Serial_Wire
PA14.Signal=SYS_JTCK-SWCLK
PA15.Locked=true
PA15.Mode=I2C
PA15.Signal=I2C1_SCL
PA2.Signal=S_TIM2_CH3
PA3.Signal=S_TIM2_CH4
PA5.Locked=true
PA5.Signal=GPIO_Output
PA8.Mode=I2C
PA8.Signal=I2C2_SDA
PA9.Locked=true
PA9.Mode=I2C
PA9.Signal=I2C2_SCL
PB12.Mode=Half_Duplex_Master
PB12.Signal=I2S2_WS
PB13.Mode=Half_Duplex_Master
PB13.Signal=I2S2_CK
PB15.Mode=Half_Duplex_Master
PB15.Signal=I2S2_SD
PB9.Mode=I2C
PB9.Signal=I2C1_SDA
PC6.Mode=Master_Clock_Activated
PC6.Signal=I2S2_MCK
PF0-OSC_IN.Mode=HSE-External-Oscillator
PF0-OSC_IN.Signal=RCC_OSC_IN
PF1-OSC_OUT.Mode=HSE-External-Oscillator
PF1-OSC_OUT.Signal=RCC_OSC_OUT
PinOutPanel.RotationAngle=0
ProjectManager.AskForMigrate=true
ProjectManager.BackupPrevious=false
ProjectManager.CompilerOptimize=6
ProjectManager.ComputerToolchain=false
ProjectManager.CoupleFile=true
ProjectManager.CustomerFirmwarePackage=
ProjectManager.DefaultFWLocation=true
ProjectManager.DeletePrevious=false
ProjectManager.DeviceId=STM32G431CBUx
ProjectManager.FirmwarePackage=STM32Cube FW_G4 V1.6.0
ProjectManager.FreePins=false
ProjectManager.HalAssertFull=false
ProjectManager.HeapSize=0x0
ProjectManager.KeepUserCode=true
ProjectManager.LastFirmware=true
ProjectManager.LibraryCopy=1
ProjectManager.MainLocation=Core/Src
ProjectManager.NoMain=false
ProjectManager.PreviousToolchain=STM32CubeIDE
ProjectManager.ProjectBuild=false
ProjectManager.ProjectFileName=Amplifier.ioc
ProjectManager.ProjectName=Amplifier
ProjectManager.ProjectStructure=
ProjectManager.RegisterCallBack=
ProjectManager.StackSize=0x400
ProjectManager.TargetToolchain=CMake
ProjectManager.ToolChainLocation=
ProjectManager.UAScriptAfterPath=
ProjectManager.UAScriptBeforePath=
ProjectManager.UnderRoot=false
ProjectManager.functionlistsort=1-SystemClock_Config-RCC-false-HAL-false,2-MX_GPIO_Init-GPIO-false-HAL-true,3-MX_DMA_Init-DMA-false-HAL-true,4-MX_I2C1_Init-I2C1-false-HAL-true,5-MX_I2C2_Init-I2C2-false-HAL-true,6-MX_I2S2_Init-I2S2-false-HAL-true,7-MX_TIM2_Init-TIM2-false-HAL-true,8-MX_USB_Device_Init-USB_DEVICE-false-HAL-false,9-MX_TIM6_Init-TIM6-false-HAL-true,10-MX_TIM7_Init-TIM7-false-HAL-true
RCC.ADC12Freq_Value=172000000
RCC.AHBFreq_Value=172000000
RCC.APB1Freq_Value=172000000
RCC.APB1TimFreq_Value=172000000
RCC.APB2Freq_Value=172000000
RCC.APB2TimFreq_Value=172000000
RCC.CK48CLockSelection=RCC_USBCLKSOURCE_HSI48
RCC.CRSFreq_Value=48000000
RCC.CortexFreq_Value=172000000
RCC.EXTERNAL_CLOCK_VALUE=12288000
RCC.FCLKCortexFreq_Value=172000000
RCC.FDCANFreq_Value=172000000
RCC.FamilyName=M
RCC.HCLKFreq_Value=172000000
RCC.HSE_VALUE=8000000
RCC.HSI48_VALUE=48000000
RCC.HSI_VALUE=16000000
RCC.I2C1Freq_Value=172000000
RCC.I2C2Freq_Value=172000000
RCC.I2C3Freq_Value=172000000
RCC.I2SCLockSelection=RCC_I2SCLKSOURCE_PLL
RCC.I2SFreq_Value=172000000
RCC.IPParameters=ADC12Freq_Value,AHBFreq_Value,APB1Freq_Value,APB1TimFreq_Value,APB2Freq_Value,APB2TimFreq_Value,CK48CLockSelection,CRSFreq_Value,CortexFreq_Value,EXTERNAL_CLOCK_VALUE,FCLKCortexFreq_Value,FDCANFreq_Value,FamilyName,HCLKFreq_Value,HSE_VALUE,HSI48_VALUE,HSI_VALUE,I2C1Freq_Value,I2C2Freq_Value,I2C3Freq_Value,I2SCLockSelection,I2SFreq_Value,LPTIM1Freq_Value,LPUART1Freq_Value,LSCOPinFreq_Value,LSE_VALUE,LSI_VALUE,MCO1PinFreq_Value,PLLN,PLLPoutputFreq_Value,PLLQoutputFreq_Value,PLLRCLKFreq_Value,PLLSourceVirtual,PREFETCH_ENABLE,PWRFreq_Value,RNGFreq_Value,SAI1Freq_Value,SYSCLKFreq_VALUE,SYSCLKSource,UART4Freq_Value,USART1Freq_Value,USART2Freq_Value,USART3Freq_Value,USBFreq_Value,VCOInputFreq_Value,VCOOutputFreq_Value
RCC.LPTIM1Freq_Value=172000000
RCC.LPUART1Freq_Value=172000000
RCC.LSCOPinFreq_Value=32000
RCC.LSE_VALUE=32768
RCC.LSI_VALUE=32000
RCC.MCO1PinFreq_Value=16000000
RCC.PLLN=43
RCC.PLLPoutputFreq_Value=172000000
RCC.PLLQoutputFreq_Value=172000000
RCC.PLLRCLKFreq_Value=172000000
RCC.PLLSourceVirtual=RCC_PLLSOURCE_HSE
RCC.PREFETCH_ENABLE=1
RCC.PWRFreq_Value=172000000
RCC.RNGFreq_Value=48000000
RCC.SAI1Freq_Value=172000000
RCC.SYSCLKFreq_VALUE=172000000
RCC.SYSCLKSource=RCC_SYSCLKSOURCE_PLLCLK
RCC.UART4Freq_Value=172000000
RCC.USART1Freq_Value=172000000
RCC.USART2Freq_Value=172000000
RCC.USART3Freq_Value=172000000
RCC.USBFreq_Value=48000000
RCC.VCOInputFreq_Value=8000000
RCC.VCOOutputFreq_Value=344000000
SH.GPXTI0.0=GPIO_EXTI0
SH.GPXTI0.ConfNb=1
SH.S_TIM2_CH3.0=TIM2_CH3,PWM Generation3 CH3
SH.S_TIM2_CH3.ConfNb=1
SH.S_TIM2_CH4.0=TIM2_CH4,PWM Generation4 CH4
SH.S_TIM2_CH4.ConfNb=1
STMicroelectronics.X-CUBE-ALGOBUILD.1.4.0.DSPOoLibraryJjLibrary_Checked=false
STMicroelectronics.X-CUBE-ALGOBUILD.1.4.0_SwParameter=LibraryCcDSPOoLibraryJjDSPOoLibrary\:true;
TIM2.Channel-PWM\ Generation3\ CH3=TIM_CHANNEL_3
TIM2.Channel-PWM\ Generation4\ CH4=TIM_CHANNEL_4
TIM2.IPParameters=Channel-PWM Generation3 CH3,Channel-PWM Generation4 CH4,Prescaler,PeriodNoDither,PulseNoDither_3,PulseNoDither_4
TIM2.PeriodNoDither=1000-1
TIM2.Prescaler=150-1
TIM2.PulseNoDither_3=400
TIM2.PulseNoDither_4=400
TIM6.IPParameters=Prescaler,PeriodNoDither
TIM6.PeriodNoDither=10000-1
TIM6.Prescaler=17200-1
TIM7.IPParameters=Prescaler,PeriodNoDither
TIM7.PeriodNoDither=50963-1
TIM7.Prescaler=9-1
USB_DEVICE.CLASS_NAME_FS=AUDIO
USB_DEVICE.IPParameters=VirtualMode,VirtualModeFS,CLASS_NAME_FS,USBD_AUDIO_FREQ,LANGID_STRING
USB_DEVICE.LANGID_STRING=1033
USB_DEVICE.USBD_AUDIO_FREQ=48000
USB_DEVICE.VirtualMode=Audio
USB_DEVICE.VirtualModeFS=Audio_FS
VP_SYS_VS_DBSignals.Mode=DisableDeadBatterySignals
VP_SYS_VS_DBSignals.Signal=SYS_VS_DBSignals
VP_SYS_VS_Systick.Mode=SysTick
VP_SYS_VS_Systick.Signal=SYS_VS_Systick
VP_TIM2_VS_ClockSourceINT.Mode=Internal
VP_TIM2_VS_ClockSourceINT.Signal=TIM2_VS_ClockSourceINT
VP_TIM6_VS_ClockSourceINT.Mode=Enable_Timer
VP_TIM6_VS_ClockSourceINT.Signal=TIM6_VS_ClockSourceINT
VP_TIM7_VS_ClockSourceINT.Mode=Enable_Timer
VP_TIM7_VS_ClockSourceINT.Signal=TIM7_VS_ClockSourceINT
VP_USB_DEVICE_VS_USB_DEVICE_AUDIO_FS.Mode=AUDIO_FS
VP_USB_DEVICE_VS_USB_DEVICE_AUDIO_FS.Signal=USB_DEVICE_VS_USB_DEVICE_AUDIO_FS
board=custom
